
Microsoft Visual Studio Solution File, Format Version 12.00
# Visual Studio 15
VisualStudioVersion = 15.0.28010.2026
MinimumVisualStudioVersion = 10.0.40219.1
Project("{FAE04EC0-301F-11D3-BF4B-00C04F79EFBC}") = "Практика 1", "Практика 1\Практика 1.csproj", "{70D24AA3-7808-44F7-9EDE-55EFE41D0FDE}"
EndProject
Global
	GlobalSection(SolutionConfigurationPlatforms) = preSolution
		Debug|Any CPU = Debug|Any CPU
		Release|Any CPU = Release|Any CPU
	EndGlobalSection
	GlobalSection(ProjectConfigurationPlatforms) = postSolution
		{70D24AA3-7808-44F7-9EDE-55EFE41D0FDE}.Debug|Any CPU.ActiveCfg = Debug|Any CPU
		{70D24AA3-7808-44F7-9EDE-55EFE41D0FDE}.Debug|Any CPU.Build.0 = Debug|Any CPU
		{70D24AA3-7808-44F7-9EDE-55EFE41D0FDE}.Release|Any CPU.ActiveCfg = Release|Any CPU
		{70D24AA3-7808-44F7-9EDE-55EFE41D0FDE}.Release|Any CPU.Build.0 = Release|Any CPU
	EndGlobalSection
	GlobalSection(SolutionProperties) = preSolution
		HideSolutionNode = FALSE
	EndGlobalSection
	GlobalSection(ExtensibilityGlobals) = postSolution
		SolutionGuid = {BDDBA386-A16F-4685-89DB-416344F8F1F9}
	EndGlobalSection
EndGlobal
